// !$*UTF8*$!
{
	archiveVersion = 1;
	classes = {
	};
	objectVersion = 55;
	objects = {

/* Begin PBXBuildFile section */
		7B71C65928E56B82000B7A06 /* qMessage.cpp in Sources */ = {isa = PBXBuildFile; fileRef = 7B71C65728E56B82000B7A06 /* qMessage.cpp */; };
		7B71C65D28E5824C000B7A06 /* QueueSpaceRouter.cpp in Sources */ = {isa = PBXBuildFile; fileRef = 7B71C65B28E5824C000B7A06 /* QueueSpaceRouter.cpp */; };
		7B95589728E49CE5006FA237 /* main.cpp in Sources */ = {isa = PBXBuildFile; fileRef = 7B95589628E49CE5006FA237 /* main.cpp */; };
		7B9558A128E49D2B006FA237 /* mLogger.cpp in Sources */ = {isa = PBXBuildFile; fileRef = 7B95589F28E49D2B006FA237 /* mLogger.cpp */; };
		7B9558A628E49D6D006FA237 /* tools.cpp in Sources */ = {isa = PBXBuildFile; fileRef = 7B9558A428E49D6D006FA237 /* tools.cpp */; };
		7B9558AA28E49DDE006FA237 /* mHeaderBase.cpp in Sources */ = {isa = PBXBuildFile; fileRef = 7B9558A828E49DDE006FA237 /* mHeaderBase.cpp */; };
		7B9558AE28E49E11006FA237 /* mMessage.cpp in Sources */ = {isa = PBXBuildFile; fileRef = 7B9558AC28E49E11006FA237 /* mMessage.cpp */; };
		7B9558B228E49E39006FA237 /* mQueue.cpp in Sources */ = {isa = PBXBuildFile; fileRef = 7B9558B028E49E39006FA237 /* mQueue.cpp */; };
		7B9558B628E49E69006FA237 /* QueueSpace.cpp in Sources */ = {isa = PBXBuildFile; fileRef = 7B9558B428E49E69006FA237 /* QueueSpace.cpp */; };
		7B9558BA28E4A06E006FA237 /* QueueTests.cpp in Sources */ = {isa = PBXBuildFile; fileRef = 7B9558B828E4A06E006FA237 /* QueueTests.cpp */; };
/* End PBXBuildFile section */

/* Begin PBXCopyFilesBuildPhase section */
		7B95589128E49CE5006FA237 /* CopyFiles */ = {
			isa = PBXCopyFilesBuildPhase;
			buildActionMask = 2147483647;
			dstPath = /usr/share/man/man1/;
			dstSubfolderSpec = 0;
			files = (
			);
			runOnlyForDeploymentPostprocessing = 1;
		};
/* End PBXCopyFilesBuildPhase section */

/* Begin PBXFileReference section */
		7B71C65728E56B82000B7A06 /* qMessage.cpp */ = {isa = PBXFileReference; lastKnownFileType = sourcecode.cpp.cpp; path = qMessage.cpp; sourceTree = "<group>"; };
		7B71C65828E56B82000B7A06 /* qMessage.hpp */ = {isa = PBXFileReference; lastKnownFileType = sourcecode.cpp.h; path = qMessage.hpp; sourceTree = "<group>"; };
		7B71C65B28E5824C000B7A06 /* QueueSpaceRouter.cpp */ = {isa = PBXFileReference; lastKnownFileType = sourcecode.cpp.cpp; path = QueueSpaceRouter.cpp; sourceTree = "<group>"; };
		7B71C65C28E5824C000B7A06 /* QueueSpaceRouter.hpp */ = {isa = PBXFileReference; lastKnownFileType = sourcecode.cpp.h; path = QueueSpaceRouter.hpp; sourceTree = "<group>"; };
		7B95589328E49CE5006FA237 /* PISIDBMQ */ = {isa = PBXFileReference; explicitFileType = "compiled.mach-o.executable"; includeInIndex = 0; path = PISIDBMQ; sourceTree = BUILT_PRODUCTS_DIR; };
		7B95589628E49CE5006FA237 /* main.cpp */ = {isa = PBXFileReference; lastKnownFileType = sourcecode.cpp.cpp; path = main.cpp; sourceTree = "<group>"; };
		7B95589F28E49D2B006FA237 /* mLogger.cpp */ = {isa = PBXFileReference; lastKnownFileType = sourcecode.cpp.cpp; path = mLogger.cpp; sourceTree = "<group>"; };
		7B9558A028E49D2B006FA237 /* mLogger.hpp */ = {isa = PBXFileReference; lastKnownFileType = sourcecode.cpp.h; path = mLogger.hpp; sourceTree = "<group>"; };
		7B9558A428E49D6D006FA237 /* tools.cpp */ = {isa = PBXFileReference; lastKnownFileType = sourcecode.cpp.cpp; path = tools.cpp; sourceTree = "<group>"; };
		7B9558A528E49D6D006FA237 /* tools.hpp */ = {isa = PBXFileReference; lastKnownFileType = sourcecode.cpp.h; path = tools.hpp; sourceTree = "<group>"; };
		7B9558A828E49DDE006FA237 /* mHeaderBase.cpp */ = {isa = PBXFileReference; lastKnownFileType = sourcecode.cpp.cpp; path = mHeaderBase.cpp; sourceTree = "<group>"; };
		7B9558A928E49DDE006FA237 /* mHeaderBase.hpp */ = {isa = PBXFileReference; lastKnownFileType = sourcecode.cpp.h; path = mHeaderBase.hpp; sourceTree = "<group>"; };
		7B9558AC28E49E11006FA237 /* mMessage.cpp */ = {isa = PBXFileReference; lastKnownFileType = sourcecode.cpp.cpp; path = mMessage.cpp; sourceTree = "<group>"; };
		7B9558AD28E49E11006FA237 /* mMessage.hpp */ = {isa = PBXFileReference; lastKnownFileType = sourcecode.cpp.h; path = mMessage.hpp; sourceTree = "<group>"; };
		7B9558B028E49E39006FA237 /* mQueue.cpp */ = {isa = PBXFileReference; lastKnownFileType = sourcecode.cpp.cpp; path = mQueue.cpp; sourceTree = "<group>"; };
		7B9558B128E49E39006FA237 /* mQueue.hpp */ = {isa = PBXFileReference; lastKnownFileType = sourcecode.cpp.h; path = mQueue.hpp; sourceTree = "<group>"; };
		7B9558B428E49E69006FA237 /* QueueSpace.cpp */ = {isa = PBXFileReference; lastKnownFileType = sourcecode.cpp.cpp; path = QueueSpace.cpp; sourceTree = "<group>"; };
		7B9558B528E49E69006FA237 /* QueueSpace.hpp */ = {isa = PBXFileReference; lastKnownFileType = sourcecode.cpp.h; path = QueueSpace.hpp; sourceTree = "<group>"; };
		7B9558B828E4A06E006FA237 /* QueueTests.cpp */ = {isa = PBXFileReference; lastKnownFileType = sourcecode.cpp.cpp; path = QueueTests.cpp; sourceTree = "<group>"; };
		7B9558B928E4A06E006FA237 /* QueueTests.hpp */ = {isa = PBXFileReference; lastKnownFileType = sourcecode.cpp.h; path = QueueTests.hpp; sourceTree = "<group>"; };
		7B9558BB28E4A0D1006FA237 /* README.md */ = {isa = PBXFileReference; lastKnownFileType = net.daringfireball.markdown; path = README.md; sourceTree = "<group>"; };
/* End PBXFileReference section */

/* Begin PBXFrameworksBuildPhase section */
		7B95589028E49CE5006FA237 /* Frameworks */ = {
			isa = PBXFrameworksBuildPhase;
			buildActionMask = 2147483647;
			files = (
			);
			runOnlyForDeploymentPostprocessing = 0;
		};
/* End PBXFrameworksBuildPhase section */

/* Begin PBXGroup section */
		7B71C65628E56B29000B7A06 /* qMessage */ = {
			isa = PBXGroup;
			children = (
				7B71C65728E56B82000B7A06 /* qMessage.cpp */,
				7B71C65828E56B82000B7A06 /* qMessage.hpp */,
			);
			path = qMessage;
			sourceTree = "<group>";
		};
		7B71C65A28E58221000B7A06 /* QueueSpaceRouter */ = {
			isa = PBXGroup;
			children = (
				7B71C65B28E5824C000B7A06 /* QueueSpaceRouter.cpp */,
				7B71C65C28E5824C000B7A06 /* QueueSpaceRouter.hpp */,
			);
			path = QueueSpaceRouter;
			sourceTree = "<group>";
		};
		7B95588A28E49CE5006FA237 = {
			isa = PBXGroup;
			children = (
				7B9558BB28E4A0D1006FA237 /* README.md */,
				7B95589528E49CE5006FA237 /* PISIDBMQ */,
				7B95589428E49CE5006FA237 /* Products */,
			);
			sourceTree = "<group>";
		};
		7B95589428E49CE5006FA237 /* Products */ = {
			isa = PBXGroup;
			children = (
				7B95589328E49CE5006FA237 /* PISIDBMQ */,
			);
			name = Products;
			sourceTree = "<group>";
		};
		7B95589528E49CE5006FA237 /* PISIDBMQ */ = {
			isa = PBXGroup;
			children = (
				7B9558B728E4A056006FA237 /* tests */,
				7B95589E28E49CF5006FA237 /* src */,
				7B95589D28E49CEE006FA237 /* lib */,
				7B95589628E49CE5006FA237 /* main.cpp */,
			);
			path = PISIDBMQ;
			sourceTree = "<group>";
		};
		7B95589D28E49CEE006FA237 /* lib */ = {
			isa = PBXGroup;
			children = (
				7B9558A328E49D5F006FA237 /* tools */,
				7B9558A228E49D4E006FA237 /* mLogger */,
			);
			path = lib;
			sourceTree = "<group>";
		};
		7B95589E28E49CF5006FA237 /* src */ = {
			isa = PBXGroup;
			children = (
				7B71C65A28E58221000B7A06 /* QueueSpaceRouter */,
				7B71C65628E56B29000B7A06 /* qMessage */,
				7B9558B328E49E60006FA237 /* QueueSpace */,
				7B9558AF28E49E29006FA237 /* mQueue */,
				7B9558AB28E49DF6006FA237 /* mMessage */,
				7B9558A728E49DCF006FA237 /* mHeaderBase */,
			);
			path = src;
			sourceTree = "<group>";
		};
		7B9558A228E49D4E006FA237 /* mLogger */ = {
			isa = PBXGroup;
			children = (
				7B9558A028E49D2B006FA237 /* mLogger.hpp */,
				7B95589F28E49D2B006FA237 /* mLogger.cpp */,
			);
			path = mLogger;
			sourceTree = "<group>";
		};
		7B9558A328E49D5F006FA237 /* tools */ = {
			isa = PBXGroup;
			children = (
				7B9558A428E49D6D006FA237 /* tools.cpp */,
				7B9558A528E49D6D006FA237 /* tools.hpp */,
			);
			path = tools;
			sourceTree = "<group>";
		};
		7B9558A728E49DCF006FA237 /* mHeaderBase */ = {
			isa = PBXGroup;
			children = (
				7B9558A828E49DDE006FA237 /* mHeaderBase.cpp */,
				7B9558A928E49DDE006FA237 /* mHeaderBase.hpp */,
			);
			path = mHeaderBase;
			sourceTree = "<group>";
		};
		7B9558AB28E49DF6006FA237 /* mMessage */ = {
			isa = PBXGroup;
			children = (
				7B9558AC28E49E11006FA237 /* mMessage.cpp */,
				7B9558AD28E49E11006FA237 /* mMessage.hpp */,
			);
			path = mMessage;
			sourceTree = "<group>";
		};
		7B9558AF28E49E29006FA237 /* mQueue */ = {
			isa = PBXGroup;
			children = (
				7B9558B028E49E39006FA237 /* mQueue.cpp */,
				7B9558B128E49E39006FA237 /* mQueue.hpp */,
			);
			path = mQueue;
			sourceTree = "<group>";
		};
		7B9558B328E49E60006FA237 /* QueueSpace */ = {
			isa = PBXGroup;
			children = (
				7B9558B428E49E69006FA237 /* QueueSpace.cpp */,
				7B9558B528E49E69006FA237 /* QueueSpace.hpp */,
			);
			path = QueueSpace;
			sourceTree = "<group>";
		};
		7B9558B728E4A056006FA237 /* tests */ = {
			isa = PBXGroup;
			children = (
				7B9558B828E4A06E006FA237 /* QueueTests.cpp */,
				7B9558B928E4A06E006FA237 /* QueueTests.hpp */,
			);
			path = tests;
			sourceTree = "<group>";
		};
/* End PBXGroup section */

/* Begin PBXNativeTarget section */
		7B95589228E49CE5006FA237 /* PISIDBMQ */ = {
			isa = PBXNativeTarget;
			buildConfigurationList = 7B95589A28E49CE5006FA237 /* Build configuration list for PBXNativeTarget "PISIDBMQ" */;
			buildPhases = (
				7B95588F28E49CE5006FA237 /* Sources */,
				7B95589028E49CE5006FA237 /* Frameworks */,
				7B95589128E49CE5006FA237 /* CopyFiles */,
			);
			buildRules = (
			);
			dependencies = (
			);
			name = PISIDBMQ;
			productName = PISIDBMQ;
			productReference = 7B95589328E49CE5006FA237 /* PISIDBMQ */;
			productType = "com.apple.product-type.tool";
		};
/* End PBXNativeTarget section */

/* Begin PBXProject section */
		7B95588B28E49CE5006FA237 /* Project object */ = {
			isa = PBXProject;
			attributes = {
				BuildIndependentTargetsInParallel = 1;
				LastUpgradeCheck = 1340;
				TargetAttributes = {
					7B95589228E49CE5006FA237 = {
						CreatedOnToolsVersion = 13.4.1;
					};
				};
			};
			buildConfigurationList = 7B95588E28E49CE5006FA237 /* Build configuration list for PBXProject "PISIDBMQ" */;
			compatibilityVersion = "Xcode 13.0";
			developmentRegion = en;
			hasScannedForEncodings = 0;
			knownRegions = (
				en,
				Base,
			);
			mainGroup = 7B95588A28E49CE5006FA237;
			productRefGroup = 7B95589428E49CE5006FA237 /* Products */;
			projectDirPath = "";
			projectRoot = "";
			targets = (
				7B95589228E49CE5006FA237 /* PISIDBMQ */,
			);
		};
/* End PBXProject section */

/* Begin PBXSourcesBuildPhase section */
		7B95588F28E49CE5006FA237 /* Sources */ = {
			isa = PBXSourcesBuildPhase;
			buildActionMask = 2147483647;
			files = (
				7B95589728E49CE5006FA237 /* main.cpp in Sources */,
				7B9558B228E49E39006FA237 /* mQueue.cpp in Sources */,
				7B9558AA28E49DDE006FA237 /* mHeaderBase.cpp in Sources */,
				7B71C65928E56B82000B7A06 /* qMessage.cpp in Sources */,
				7B9558A128E49D2B006FA237 /* mLogger.cpp in Sources */,
				7B71C65D28E5824C000B7A06 /* QueueSpaceRouter.cpp in Sources */,
				7B9558B628E49E69006FA237 /* QueueSpace.cpp in Sources */,
				7B9558AE28E49E11006FA237 /* mMessage.cpp in Sources */,
				7B9558A628E49D6D006FA237 /* tools.cpp in Sources */,
				7B9558BA28E4A06E006FA237 /* QueueTests.cpp in Sources */,
			);
			runOnlyForDeploymentPostprocessing = 0;
		};
/* End PBXSourcesBuildPhase section */

/* Begin XCBuildConfiguration section */
		7B95589828E49CE5006FA237 /* Debug */ = {
			isa = XCBuildConfiguration;
			buildSettings = {
				ALWAYS_SEARCH_USER_PATHS = NO;
				CLANG_ANALYZER_NONNULL = YES;
				CLANG_ANALYZER_NUMBER_OBJECT_CONVERSION = YES_AGGRESSIVE;
				CLANG_CXX_LANGUAGE_STANDARD = "gnu++17";
				CLANG_ENABLE_MODULES = YES;
				CLANG_ENABLE_OBJC_ARC = YES;
				CLANG_ENABLE_OBJC_WEAK = YES;
				CLANG_WARN_BLOCK_CAPTURE_AUTORELEASING = YES;
				CLANG_WARN_BOOL_CONVERSION = YES;
				CLANG_WARN_COMMA = YES;
				CLANG_WARN_CONSTANT_CONVERSION = YES;
				CLANG_WARN_DEPRECATED_OBJC_IMPLEMENTATIONS = YES;
				CLANG_WARN_DIRECT_OBJC_ISA_USAGE = YES_ERROR;
				CLANG_WARN_DOCUMENTATION_COMMENTS = YES;
				CLANG_WARN_EMPTY_BODY = YES;
				CLANG_WARN_ENUM_CONVERSION = YES;
				CLANG_WARN_INFINITE_RECURSION = YES;
				CLANG_WARN_INT_CONVERSION = YES;
				CLANG_WARN_NON_LITERAL_NULL_CONVERSION = YES;
				CLANG_WARN_OBJC_IMPLICIT_RETAIN_SELF = YES;
				CLANG_WARN_OBJC_LITERAL_CONVERSION = YES;
				CLANG_WARN_OBJC_ROOT_CLASS = YES_ERROR;
				CLANG_WARN_QUOTED_INCLUDE_IN_FRAMEWORK_HEADER = YES;
				CLANG_WARN_RANGE_LOOP_ANALYSIS = YES;
				CLANG_WARN_STRICT_PROTOTYPES = YES;
				CLANG_WARN_SUSPICIOUS_MOVE = YES;
				CLANG_WARN_UNGUARDED_AVAILABILITY = YES_AGGRESSIVE;
				CLANG_WARN_UNREACHABLE_CODE = YES;
				CLANG_WARN__DUPLICATE_METHOD_MATCH = YES;
				COPY_PHASE_STRIP = NO;
				DEBUG_INFORMATION_FORMAT = dwarf;
				ENABLE_STRICT_OBJC_MSGSEND = YES;
				ENABLE_TESTABILITY = YES;
				GCC_C_LANGUAGE_STANDARD = gnu11;
				GCC_DYNAMIC_NO_PIC = NO;
				GCC_NO_COMMON_BLOCKS = NO;
				GCC_OPTIMIZATION_LEVEL = 0;
				GCC_PREPROCESSOR_DEFINITIONS = (
					"DEBUG=1",
					"$(inherited)",
				);
				GCC_WARN_64_TO_32_BIT_CONVERSION = YES;
				GCC_WARN_ABOUT_RETURN_TYPE = YES_ERROR;
				GCC_WARN_UNDECLARED_SELECTOR = YES;
				GCC_WARN_UNINITIALIZED_AUTOS = YES_AGGRESSIVE;
				GCC_WARN_UNUSED_FUNCTION = YES;
				GCC_WARN_UNUSED_VARIABLE = YES;
				MACOSX_DEPLOYMENT_TARGET = 12.3;
				MTL_ENABLE_DEBUG_INFO = INCLUDE_SOURCE;
				MTL_FAST_MATH = YES;
				ONLY_ACTIVE_ARCH = YES;
				SDKROOT = macosx;
			};
			name = Debug;
		};
		7B95589928E49CE5006FA237 /* Release */ = {
			isa = XCBuildConfiguration;
			buildSettings = {
				ALWAYS_SEARCH_USER_PATHS = NO;
				CLANG_ANALYZER_NONNULL = YES;
				CLANG_ANALYZER_NUMBER_OBJECT_CONVERSION = YES_AGGRESSIVE;
				CLANG_CXX_LANGUAGE_STANDARD = "gnu++17";
				CLANG_ENABLE_MODULES = YES;
				CLANG_ENABLE_OBJC_ARC = YES;
				CLANG_ENABLE_OBJC_WEAK = YES;
				CLANG_WARN_BLOCK_CAPTURE_AUTORELEASING = YES;
				CLANG_WARN_BOOL_CONVERSION = YES;
				CLANG_WARN_COMMA = YES;
				CLANG_WARN_CONSTANT_CONVERSION = YES;
				CLANG_WARN_DEPRECATED_OBJC_IMPLEMENTATIONS = YES;
				CLANG_WARN_DIRECT_OBJC_ISA_USAGE = YES_ERROR;
				CLANG_WARN_DOCUMENTATION_COMMENTS = YES;
				CLANG_WARN_EMPTY_BODY = YES;
				CLANG_WARN_ENUM_CONVERSION = YES;
				CLANG_WARN_INFINITE_RECURSION = YES;
				CLANG_WARN_INT_CONVERSION = YES;
				CLANG_WARN_NON_LITERAL_NULL_CONVERSION = YES;
				CLANG_WARN_OBJC_IMPLICIT_RETAIN_SELF = YES;
				CLANG_WARN_OBJC_LITERAL_CONVERSION = YES;
				CLANG_WARN_OBJC_ROOT_CLASS = YES_ERROR;
				CLANG_WARN_QUOTED_INCLUDE_IN_FRAMEWORK_HEADER = YES;
				CLANG_WARN_RANGE_LOOP_ANALYSIS = YES;
				CLANG_WARN_STRICT_PROTOTYPES = YES;
				CLANG_WARN_SUSPICIOUS_MOVE = YES;
				CLANG_WARN_UNGUARDED_AVAILABILITY = YES_AGGRESSIVE;
				CLANG_WARN_UNREACHABLE_CODE = YES;
				CLANG_WARN__DUPLICATE_METHOD_MATCH = YES;
				COPY_PHASE_STRIP = NO;
				DEBUG_INFORMATION_FORMAT = "dwarf-with-dsym";
				ENABLE_NS_ASSERTIONS = NO;
				ENABLE_STRICT_OBJC_MSGSEND = YES;
				GCC_C_LANGUAGE_STANDARD = gnu11;
				GCC_NO_COMMON_BLOCKS = NO;
				GCC_WARN_64_TO_32_BIT_CONVERSION = YES;
				GCC_WARN_ABOUT_RETURN_TYPE = YES_ERROR;
				GCC_WARN_UNDECLARED_SELECTOR = YES;
				GCC_WARN_UNINITIALIZED_AUTOS = YES_AGGRESSIVE;
				GCC_WARN_UNUSED_FUNCTION = YES;
				GCC_WARN_UNUSED_VARIABLE = YES;
				MACOSX_DEPLOYMENT_TARGET = 12.3;
				MTL_ENABLE_DEBUG_INFO = NO;
				MTL_FAST_MATH = YES;
				ONLY_ACTIVE_ARCH = YES;
				SDKROOT = macosx;
			};
			name = Release;
		};
		7B95589B28E49CE5006FA237 /* Debug */ = {
			isa = XCBuildConfiguration;
			buildSettings = {
				CODE_SIGN_STYLE = Automatic;
				PRODUCT_NAME = "$(TARGET_NAME)";
			};
			name = Debug;
		};
		7B95589C28E49CE5006FA237 /* Release */ = {
			isa = XCBuildConfiguration;
			buildSettings = {
				CODE_SIGN_STYLE = Automatic;
				PRODUCT_NAME = "$(TARGET_NAME)";
			};
			name = Release;
		};
/* End XCBuildConfiguration section */

/* Begin XCConfigurationList section */
		7B95588E28E49CE5006FA237 /* Build configuration list for PBXProject "PISIDBMQ" */ = {
			isa = XCConfigurationList;
			buildConfigurations = (
				7B95589828E49CE5006FA237 /* Debug */,
				7B95589928E49CE5006FA237 /* Release */,
			);
			defaultConfigurationIsVisible = 0;
			defaultConfigurationName = Release;
		};
		7B95589A28E49CE5006FA237 /* Build configuration list for PBXNativeTarget "PISIDBMQ" */ = {
			isa = XCConfigurationList;
			buildConfigurations = (
				7B95589B28E49CE5006FA237 /* Debug */,
				7B95589C28E49CE5006FA237 /* Release */,
			);
			defaultConfigurationIsVisible = 0;
			defaultConfigurationName = Release;
		};
/* End XCConfigurationList section */
	};
	rootObject = 7B95588B28E49CE5006FA237 /* Project object */;
}
